
Microsoft Visual Studio Solution File, Format Version 12.00
# Visual Studio Version 16
VisualStudioVersion = 16.0.28729.10
MinimumVisualStudioVersion = 10.0.40219.1
Project("{F184B08F-C81C-45F6-A57F-5ABD9991F28F}") = "SUDS LAUNDRY", "SUDS LAUNDRY\SUDS LAUNDRY.vbproj", "{A7F46A23-856B-400B-8521-21D0AE389D2E}"
EndProject
Global
	GlobalSection(SolutionConfigurationPlatforms) = preSolution
		Debug|Any CPU = Debug|Any CPU
		Release|Any CPU = Release|Any CPU
	EndGlobalSection
	GlobalSection(ProjectConfigurationPlatforms) = postSolution
		{A7F46A23-856B-400B-8521-21D0AE389D2E}.Debug|Any CPU.ActiveCfg = Debug|Any CPU
		{A7F46A23-856B-400B-8521-21D0AE389D2E}.Debug|Any CPU.Build.0 = Debug|Any CPU
		{A7F46A23-856B-400B-8521-21D0AE389D2E}.Release|Any CPU.ActiveCfg = Release|Any CPU
		{A7F46A23-856B-400B-8521-21D0AE389D2E}.Release|Any CPU.Build.0 = Release|Any CPU
	EndGlobalSection
	GlobalSection(SolutionProperties) = preSolution
		HideSolutionNode = FALSE
	EndGlobalSection
	GlobalSection(ExtensibilityGlobals) = postSolution
		SolutionGuid = {464A8691-937B-4E8A-9690-DC0B17FE0091}
	EndGlobalSection
EndGlobal
